Microsoft Visual Studio Solution File, Format Version 11.00
# Visual Studio 2008

Project("{C1CC7EE7-D029-662D-87FB-BD51BBC6FAA4}") = "WaypointSystem2D", "Assembly-CSharp.csproj", "{FE645161-8568-12E9-EBCA-42FBCAFAAA73}"
EndProject
Project("{C1CC7EE7-D029-662D-87FB-BD51BBC6FAA4}") = "WaypointSystem2D", "Assembly-CSharp-Editor.csproj", "{EE282CE0-9DF6-B2EE-CD87-766B47BB3A1E}"
EndProject
Global
	GlobalSection(SolutionConfigurationPlatforms) = preSolution
		Debug|Any CPU = Debug|Any CPU
		Release|Any CPU = Release|Any CPU
	EndGlobalSection
	GlobalSection(ProjectConfigurationPlatforms) = postSolution
		{FE645161-8568-12E9-EBCA-42FBCAFAAA73}.Debug|Any CPU.ActiveCfg = Debug|Any CPU
		{FE645161-8568-12E9-EBCA-42FBCAFAAA73}.Debug|Any CPU.Build.0 = Debug|Any CPU
		{FE645161-8568-12E9-EBCA-42FBCAFAAA73}.Release|Any CPU.ActiveCfg = Release|Any CPU
		{FE645161-8568-12E9-EBCA-42FBCAFAAA73}.Release|Any CPU.Build.0 = Release|Any CPU
		{EE282CE0-9DF6-B2EE-CD87-766B47BB3A1E}.Debug|Any CPU.ActiveCfg = Debug|Any CPU
		{EE282CE0-9DF6-B2EE-CD87-766B47BB3A1E}.Debug|Any CPU.Build.0 = Debug|Any CPU
		{EE282CE0-9DF6-B2EE-CD87-766B47BB3A1E}.Release|Any CPU.ActiveCfg = Release|Any CPU
		{EE282CE0-9DF6-B2EE-CD87-766B47BB3A1E}.Release|Any CPU.Build.0 = Release|Any CPU
	EndGlobalSection
	GlobalSection(SolutionProperties) = preSolution
		HideSolutionNode = FALSE
	EndGlobalSection
	GlobalSection(MonoDevelopProperties) = preSolution
		StartupItem = Assembly-CSharp.csproj
	EndGlobalSection
EndGlobal
